{
  "object": {
    "pins": [
      {
        "package": "Command",
        "repositoryURL": "https://github.com/Unicore/Command.git",
        "state": {
          "branch": "master",
          "revision": "8ee82735b8bcfbb62182130145a662bc5af009f8",
          "version": null
        }
      }
    ]
  },
  "version": 1
}
